{
  "name": "Game-Show-Survey",
  "lockfileVersion": 2,
  "requires": true,
  "packages": {
    "": {
      "dependencies": {
        "@gradio/client": "^2.0.0-dev.1"
      }
    },
    "node_modules/@gradio/client": {
      "version": "2.0.0-dev.1",
      "resolved": "https://registry.npmjs.org/@gradio/client/-/client-2.0.0-dev.1.tgz",
      "integrity": "sha512-g8oaYq8VuFOSHsOsrm822w7tYHg/7irx6mVQylaqvTCxZrSns6xMJXo+P0ItrwnirnEwAtcNjM/m9PU+iY80Lw==",
      "license": "ISC",
      "dependencies": {
        "fetch-event-stream": "^0.1.5"
      },
      "engines": {
        "node": ">=18.0.0"
      }
    },
    "node_modules/fetch-event-stream": {
      "version": "0.1.6",
      "resolved": "https://registry.npmjs.org/fetch-event-stream/-/fetch-event-stream-0.1.6.tgz",
      "integrity": "sha512-GREtJ5HNikdU2AXtZ6E/5bk+aslMU6ie5mPG6H9nvsdDkkHQ6m5lHwmmmDTOBexok9hApQ7EprsXCdmz9ZC68w==",
      "license": "MIT"
    }
  },
  "dependencies": {
    "@gradio/client": {
      "version": "2.0.0-dev.1",
      "resolved": "https://registry.npmjs.org/@gradio/client/-/client-2.0.0-dev.1.tgz",
      "integrity": "sha512-g8oaYq8VuFOSHsOsrm822w7tYHg/7irx6mVQylaqvTCxZrSns6xMJXo+P0ItrwnirnEwAtcNjM/m9PU+iY80Lw==",
      "requires": {
        "fetch-event-stream": "^0.1.5"
      }
    },
    "fetch-event-stream": {
      "version": "0.1.6",
      "resolved": "https://registry.npmjs.org/fetch-event-stream/-/fetch-event-stream-0.1.6.tgz",
      "integrity": "sha512-GREtJ5HNikdU2AXtZ6E/5bk+aslMU6ie5mPG6H9nvsdDkkHQ6m5lHwmmmDTOBexok9hApQ7EprsXCdmz9ZC68w=="
    }
  }
}
